// !$*UTF8*$!
{
	archiveVersion = 1;
	classes = {
	};
	objectVersion = 48;
	objects = {

/* Begin PBXBuildFile section */
		6D8DC922ACBD8243524C4242 /* Pods_ZhihuDailyReport.framework in Frameworks */ = {isa = PBXBuildFile; fileRef = BF62FCE880C1ADDE7202E06F /* Pods_ZhihuDailyReport.framework */; };
		73E29979206DEFFC00392C6A /* AppDelegate.swift in Sources */ = {isa = PBXBuildFile; fileRef = 73E29978206DEFFC00392C6A /* AppDelegate.swift */; };
		73E2997E206DEFFC00392C6A /* Main.storyboard in Resources */ = {isa = PBXBuildFile; fileRef = 73E2997C206DEFFC00392C6A /* Main.storyboard */; };
		73E29980206DEFFC00392C6A /* Assets.xcassets in Resources */ = {isa = PBXBuildFile; fileRef = 73E2997F206DEFFC00392C6A /* Assets.xcassets */; };
		73E29983206DEFFC00392C6A /* LaunchScreen.storyboard in Resources */ = {isa = PBXBuildFile; fileRef = 73E29981206DEFFC00392C6A /* LaunchScreen.storyboard */; };
		73E2998D206DF05000392C6A /* APIClientable.swift in Sources */ = {isa = PBXBuildFile; fileRef = 73E2998C206DF05000392C6A /* APIClientable.swift */; };
		73E2998F206E0EC500392C6A /* Router.swift in Sources */ = {isa = PBXBuildFile; fileRef = 73E2998E206E0EC500392C6A /* Router.swift */; };
		73E29991206E14CB00392C6A /* Decodable.swift in Sources */ = {isa = PBXBuildFile; fileRef = 73E29990206E14CB00392C6A /* Decodable.swift */; };
		73E29994206E153200392C6A /* Story.swift in Sources */ = {isa = PBXBuildFile; fileRef = 73E29993206E153200392C6A /* Story.swift */; };
		73E29997206E171A00392C6A /* BaseViewController.swift in Sources */ = {isa = PBXBuildFile; fileRef = 73E29996206E171A00392C6A /* BaseViewController.swift */; };
		73E29999206E17D900392C6A /* StoryList.swift in Sources */ = {isa = PBXBuildFile; fileRef = 73E29998206E17D900392C6A /* StoryList.swift */; };
		73E2999F206E1E5400392C6A /* Date+Ext.swift in Sources */ = {isa = PBXBuildFile; fileRef = 73E2999E206E1E5400392C6A /* Date+Ext.swift */; };
		73E299A1206E273100392C6A /* UIView+Ext.swift in Sources */ = {isa = PBXBuildFile; fileRef = 73E299A0206E273100392C6A /* UIView+Ext.swift */; };
		73E299A3206E28FE00392C6A /* UITableView+Ext.swift in Sources */ = {isa = PBXBuildFile; fileRef = 73E299A2206E28FE00392C6A /* UITableView+Ext.swift */; };
		73E299A5206E29A500392C6A /* UITableViewCell+Ext.swift in Sources */ = {isa = PBXBuildFile; fileRef = 73E299A4206E29A500392C6A /* UITableViewCell+Ext.swift */; };
		73E299A7206E2A4F00392C6A /* UICollectionViewCell+Ext.swift in Sources */ = {isa = PBXBuildFile; fileRef = 73E299A6206E2A4F00392C6A /* UICollectionViewCell+Ext.swift */; };
		73E299A9206E2BA500392C6A /* UICollectionView+Ext.swift in Sources */ = {isa = PBXBuildFile; fileRef = 73E299A8206E2BA500392C6A /* UICollectionView+Ext.swift */; };
		73E299AC206E2CD100392C6A /* NextPageState.swift in Sources */ = {isa = PBXBuildFile; fileRef = 73E299AB206E2CD100392C6A /* NextPageState.swift */; };
		73E299AE206E2D0800392C6A /* NextPageLoadable.swift in Sources */ = {isa = PBXBuildFile; fileRef = 73E299AD206E2D0800392C6A /* NextPageLoadable.swift */; };
		73E299B0206E2FB000392C6A /* Reloadable.swift in Sources */ = {isa = PBXBuildFile; fileRef = 73E299AF206E2FB000392C6A /* Reloadable.swift */; };
		73E299B22071D3F700392C6A /* MainViewController.swift in Sources */ = {isa = PBXBuildFile; fileRef = 73E299B12071D3F700392C6A /* MainViewController.swift */; };
		73E299B62071D68100392C6A /* StoryCell.swift in Sources */ = {isa = PBXBuildFile; fileRef = 73E299B42071D68100392C6A /* StoryCell.swift */; };
		73E299B72071D68100392C6A /* StoryCell.xib in Resources */ = {isa = PBXBuildFile; fileRef = 73E299B52071D68100392C6A /* StoryCell.xib */; };
		73E299BE2071D96900392C6A /* Color.swift in Sources */ = {isa = PBXBuildFile; fileRef = 73E299BD2071D96900392C6A /* Color.swift */; };
		73E299C02071D9DD00392C6A /* UIColor+Ext.swift in Sources */ = {isa = PBXBuildFile; fileRef = 73E299BF2071D9DD00392C6A /* UIColor+Ext.swift */; };
		73E299C2207211AC00392C6A /* UIScrollView+Ext.swift in Sources */ = {isa = PBXBuildFile; fileRef = 73E299C1207211AC00392C6A /* UIScrollView+Ext.swift */; };
		73E299C5207227E500392C6A /* Refreshable.swift in Sources */ = {isa = PBXBuildFile; fileRef = 73E299C4207227E500392C6A /* Refreshable.swift */; };
		73E299C720722AA600392C6A /* RefreshView.swift in Sources */ = {isa = PBXBuildFile; fileRef = 73E299C620722AA600392C6A /* RefreshView.swift */; };
		73E299C92072336000392C6A /* RefreshFooterView.swift in Sources */ = {isa = PBXBuildFile; fileRef = 73E299C82072336000392C6A /* RefreshFooterView.swift */; };
/* End PBXBuildFile section */

/* Begin PBXFileReference section */
		51ED64C657FB42E96019A9A8 /* Pods-ZhihuDailyReport.debug.xcconfig */ = {isa = PBXFileReference; includeInIndex = 1; lastKnownFileType = text.xcconfig; name = "Pods-ZhihuDailyReport.debug.xcconfig"; path = "Pods/Target Support Files/Pods-ZhihuDailyReport/Pods-ZhihuDailyReport.debug.xcconfig"; sourceTree = "<group>"; };
		5EEC02AAD4AB3438FC8E1E3E /* Pods-ZhihuDailyReport.release.xcconfig */ = {isa = PBXFileReference; includeInIndex = 1; lastKnownFileType = text.xcconfig; name = "Pods-ZhihuDailyReport.release.xcconfig"; path = "Pods/Target Support Files/Pods-ZhihuDailyReport/Pods-ZhihuDailyReport.release.xcconfig"; sourceTree = "<group>"; };
		73E29975206DEFFC00392C6A /* ZhihuDailyReport.app */ = {isa = PBXFileReference; explicitFileType = wrapper.application; includeInIndex = 0; path = ZhihuDailyReport.app; sourceTree = BUILT_PRODUCTS_DIR; };
		73E29978206DEFFC00392C6A /* AppDelegate.swift */ = {isa = PBXFileReference; lastKnownFileType = sourcecode.swift; path = AppDelegate.swift; sourceTree = "<group>"; };
		73E2997D206DEFFC00392C6A /* Base */ = {isa = PBXFileReference; lastKnownFileType = file.storyboard; name = Base; path = Base.lproj/Main.storyboard; sourceTree = "<group>"; };
		73E2997F206DEFFC00392C6A /* Assets.xcassets */ = {isa = PBXFileReference; lastKnownFileType = folder.assetcatalog; path = Assets.xcassets; sourceTree = "<group>"; };
		73E29982206DEFFC00392C6A /* Base */ = {isa = PBXFileReference; lastKnownFileType = file.storyboard; name = Base; path = Base.lproj/LaunchScreen.storyboard; sourceTree = "<group>"; };
		73E29984206DEFFC00392C6A /* Info.plist */ = {isa = PBXFileReference; lastKnownFileType = text.plist.xml; path = Info.plist; sourceTree = "<group>"; };
		73E2998C206DF05000392C6A /* APIClientable.swift */ = {isa = PBXFileReference; lastKnownFileType = sourcecode.swift; path = APIClientable.swift; sourceTree = "<group>"; };
		73E2998E206E0EC500392C6A /* Router.swift */ = {isa = PBXFileReference; lastKnownFileType = sourcecode.swift; path = Router.swift; sourceTree = "<group>"; };
		73E29990206E14CB00392C6A /* Decodable.swift */ = {isa = PBXFileReference; lastKnownFileType = sourcecode.swift; path = Decodable.swift; sourceTree = "<group>"; };
		73E29993206E153200392C6A /* Story.swift */ = {isa = PBXFileReference; lastKnownFileType = sourcecode.swift; path = Story.swift; sourceTree = "<group>"; };
		73E29996206E171A00392C6A /* BaseViewController.swift */ = {isa = PBXFileReference; lastKnownFileType = sourcecode.swift; path = BaseViewController.swift; sourceTree = "<group>"; };
		73E29998206E17D900392C6A /* StoryList.swift */ = {isa = PBXFileReference; lastKnownFileType = sourcecode.swift; path = StoryList.swift; sourceTree = "<group>"; };
		73E2999E206E1E5400392C6A /* Date+Ext.swift */ = {isa = PBXFileReference; lastKnownFileType = sourcecode.swift; path = "Date+Ext.swift"; sourceTree = "<group>"; };
		73E299A0206E273100392C6A /* UIView+Ext.swift */ = {isa = PBXFileReference; lastKnownFileType = sourcecode.swift; path = "UIView+Ext.swift"; sourceTree = "<group>"; };
		73E299A2206E28FE00392C6A /* UITableView+Ext.swift */ = {isa = PBXFileReference; lastKnownFileType = sourcecode.swift; path = "UITableView+Ext.swift"; sourceTree = "<group>"; };
		73E299A4206E29A500392C6A /* UITableViewCell+Ext.swift */ = {isa = PBXFileReference; lastKnownFileType = sourcecode.swift; path = "UITableViewCell+Ext.swift"; sourceTree = "<group>"; };
		73E299A6206E2A4F00392C6A /* UICollectionViewCell+Ext.swift */ = {isa = PBXFileReference; lastKnownFileType = sourcecode.swift; path = "UICollectionViewCell+Ext.swift"; sourceTree = "<group>"; };
		73E299A8206E2BA500392C6A /* UICollectionView+Ext.swift */ = {isa = PBXFileReference; lastKnownFileType = sourcecode.swift; path = "UICollectionView+Ext.swift"; sourceTree = "<group>"; };
		73E299AB206E2CD100392C6A /* NextPageState.swift */ = {isa = PBXFileReference; lastKnownFileType = sourcecode.swift; path = NextPageState.swift; sourceTree = "<group>"; };
		73E299AD206E2D0800392C6A /* NextPageLoadable.swift */ = {isa = PBXFileReference; lastKnownFileType = sourcecode.swift; path = NextPageLoadable.swift; sourceTree = "<group>"; };
		73E299AF206E2FB000392C6A /* Reloadable.swift */ = {isa = PBXFileReference; lastKnownFileType = sourcecode.swift; path = Reloadable.swift; sourceTree = "<group>"; };
		73E299B12071D3F700392C6A /* MainViewController.swift */ = {isa = PBXFileReference; lastKnownFileType = sourcecode.swift; path = MainViewController.swift; sourceTree = "<group>"; };
		73E299B42071D68100392C6A /* StoryCell.swift */ = {isa = PBXFileReference; lastKnownFileType = sourcecode.swift; path = StoryCell.swift; sourceTree = "<group>"; };
		73E299B52071D68100392C6A /* StoryCell.xib */ = {isa = PBXFileReference; lastKnownFileType = file.xib; path = StoryCell.xib; sourceTree = "<group>"; };
		73E299BD2071D96900392C6A /* Color.swift */ = {isa = PBXFileReference; lastKnownFileType = sourcecode.swift; path = Color.swift; sourceTree = "<group>"; };
		73E299BF2071D9DD00392C6A /* UIColor+Ext.swift */ = {isa = PBXFileReference; lastKnownFileType = sourcecode.swift; path = "UIColor+Ext.swift"; sourceTree = "<group>"; };
		73E299C1207211AC00392C6A /* UIScrollView+Ext.swift */ = {isa = PBXFileReference; lastKnownFileType = sourcecode.swift; path = "UIScrollView+Ext.swift"; sourceTree = "<group>"; };
		73E299C4207227E500392C6A /* Refreshable.swift */ = {isa = PBXFileReference; lastKnownFileType = sourcecode.swift; path = Refreshable.swift; sourceTree = "<group>"; };
		73E299C620722AA600392C6A /* RefreshView.swift */ = {isa = PBXFileReference; lastKnownFileType = sourcecode.swift; path = RefreshView.swift; sourceTree = "<group>"; };
		73E299C82072336000392C6A /* RefreshFooterView.swift */ = {isa = PBXFileReference; lastKnownFileType = sourcecode.swift; path = RefreshFooterView.swift; sourceTree = "<group>"; };
		BF62FCE880C1ADDE7202E06F /* Pods_ZhihuDailyReport.framework */ = {isa = PBXFileReference; explicitFileType = wrapper.framework; includeInIndex = 0; path = Pods_ZhihuDailyReport.framework; sourceTree = BUILT_PRODUCTS_DIR; };
/* End PBXFileReference section */

/* Begin PBXFrameworksBuildPhase section */
		73E29972206DEFFC00392C6A /* Frameworks */ = {
			isa = PBXFrameworksBuildPhase;
			buildActionMask = 2147483647;
			files = (
				6D8DC922ACBD8243524C4242 /* Pods_ZhihuDailyReport.framework in Frameworks */,
			);
			runOnlyForDeploymentPostprocessing = 0;
		};
/* End PBXFrameworksBuildPhase section */

/* Begin PBXGroup section */
		5AF75A837CB30FACB435A46A /* Frameworks */ = {
			isa = PBXGroup;
			children = (
				BF62FCE880C1ADDE7202E06F /* Pods_ZhihuDailyReport.framework */,
			);
			name = Frameworks;
			sourceTree = "<group>";
		};
		73E2996C206DEFFC00392C6A = {
			isa = PBXGroup;
			children = (
				73E29977206DEFFC00392C6A /* ZhihuDailyReport */,
				73E29976206DEFFC00392C6A /* Products */,
				DBCD9FD06E39038EAC0D4DC1 /* Pods */,
				5AF75A837CB30FACB435A46A /* Frameworks */,
			);
			sourceTree = "<group>";
		};
		73E29976206DEFFC00392C6A /* Products */ = {
			isa = PBXGroup;
			children = (
				73E29975206DEFFC00392C6A /* ZhihuDailyReport.app */,
			);
			name = Products;
			sourceTree = "<group>";
		};
		73E29977206DEFFC00392C6A /* ZhihuDailyReport */ = {
			isa = PBXGroup;
			children = (
				73E299C3207227D100392C6A /* Refresh */,
				73E299BC2071D95C00392C6A /* Consts */,
				73E299AA206E2CC500392C6A /* Protocol */,
				73E2999D206E1E4500392C6A /* Extension */,
				73E2999C206E180E00392C6A /* Network */,
				73E2999B206E17F300392C6A /* Controllers */,
				73E29992206E151400392C6A /* Model */,
				73E29978206DEFFC00392C6A /* AppDelegate.swift */,
				73E2997C206DEFFC00392C6A /* Main.storyboard */,
				73E2997F206DEFFC00392C6A /* Assets.xcassets */,
				73E29981206DEFFC00392C6A /* LaunchScreen.storyboard */,
				73E29984206DEFFC00392C6A /* Info.plist */,
			);
			path = ZhihuDailyReport;
			sourceTree = "<group>";
		};
		73E29992206E151400392C6A /* Model */ = {
			isa = PBXGroup;
			children = (
				73E299AB206E2CD100392C6A /* NextPageState.swift */,
				73E29993206E153200392C6A /* Story.swift */,
				73E29998206E17D900392C6A /* StoryList.swift */,
			);
			path = Model;
			sourceTree = "<group>";
		};
		73E2999B206E17F300392C6A /* Controllers */ = {
			isa = PBXGroup;
			children = (
				73E299B32071D66900392C6A /* Views */,
				73E29996206E171A00392C6A /* BaseViewController.swift */,
				73E299B12071D3F700392C6A /* MainViewController.swift */,
			);
			path = Controllers;
			sourceTree = "<group>";
		};
		73E2999C206E180E00392C6A /* Network */ = {
			isa = PBXGroup;
			children = (
				73E2998E206E0EC500392C6A /* Router.swift */,
			);
			path = Network;
			sourceTree = "<group>";
		};
		73E2999D206E1E4500392C6A /* Extension */ = {
			isa = PBXGroup;
			children = (
				73E2999E206E1E5400392C6A /* Date+Ext.swift */,
				73E299A0206E273100392C6A /* UIView+Ext.swift */,
				73E299A2206E28FE00392C6A /* UITableView+Ext.swift */,
				73E299A4206E29A500392C6A /* UITableViewCell+Ext.swift */,
				73E299A6206E2A4F00392C6A /* UICollectionViewCell+Ext.swift */,
				73E299A8206E2BA500392C6A /* UICollectionView+Ext.swift */,
				73E299BF2071D9DD00392C6A /* UIColor+Ext.swift */,
			);
			path = Extension;
			sourceTree = "<group>";
		};
		73E299AA206E2CC500392C6A /* Protocol */ = {
			isa = PBXGroup;
			children = (
				73E2998C206DF05000392C6A /* APIClientable.swift */,
				73E299AD206E2D0800392C6A /* NextPageLoadable.swift */,
				73E299AF206E2FB000392C6A /* Reloadable.swift */,
				73E29990206E14CB00392C6A /* Decodable.swift */,
			);
			path = Protocol;
			sourceTree = "<group>";
		};
		73E299B32071D66900392C6A /* Views */ = {
			isa = PBXGroup;
			children = (
				73E299B42071D68100392C6A /* StoryCell.swift */,
				73E299B52071D68100392C6A /* StoryCell.xib */,
			);
			path = Views;
			sourceTree = "<group>";
		};
		73E299BC2071D95C00392C6A /* Consts */ = {
			isa = PBXGroup;
			children = (
				73E299BD2071D96900392C6A /* Color.swift */,
			);
			path = Consts;
			sourceTree = "<group>";
		};
		73E299C3207227D100392C6A /* Refresh */ = {
			isa = PBXGroup;
			children = (
				73E299C4207227E500392C6A /* Refreshable.swift */,
				73E299C620722AA600392C6A /* RefreshView.swift */,
				73E299C82072336000392C6A /* RefreshFooterView.swift */,
				73E299C1207211AC00392C6A /* UIScrollView+Ext.swift */,
			);
			path = Refresh;
			sourceTree = "<group>";
		};
		DBCD9FD06E39038EAC0D4DC1 /* Pods */ = {
			isa = PBXGroup;
			children = (
				51ED64C657FB42E96019A9A8 /* Pods-ZhihuDailyReport.debug.xcconfig */,
				5EEC02AAD4AB3438FC8E1E3E /* Pods-ZhihuDailyReport.release.xcconfig */,
			);
			name = Pods;
			sourceTree = "<group>";
		};
/* End PBXGroup section */

/* Begin PBXNativeTarget section */
		73E29974206DEFFC00392C6A /* ZhihuDailyReport */ = {
			isa = PBXNativeTarget;
			buildConfigurationList = 73E29987206DEFFC00392C6A /* Build configuration list for PBXNativeTarget "ZhihuDailyReport" */;
			buildPhases = (
				F4C8CCF675B555CA3C4E33E4 /* [CP] Check Pods Manifest.lock */,
				73E29971206DEFFC00392C6A /* Sources */,
				73E29972206DEFFC00392C6A /* Frameworks */,
				73E29973206DEFFC00392C6A /* Resources */,
				19880A038BEABF63F8B3EB0B /* [CP] Embed Pods Frameworks */,
				BC48005066FA3CE31B3B2A21 /* [CP] Copy Pods Resources */,
			);
			buildRules = (
			);
			dependencies = (
			);
			name = ZhihuDailyReport;
			productName = ZhihuDailyReport;
			productReference = 73E29975206DEFFC00392C6A /* ZhihuDailyReport.app */;
			productType = "com.apple.product-type.application";
		};
/* End PBXNativeTarget section */

/* Begin PBXProject section */
		73E2996D206DEFFC00392C6A /* Project object */ = {
			isa = PBXProject;
			attributes = {
				LastSwiftUpdateCheck = 0920;
				LastUpgradeCheck = 0920;
				ORGANIZATIONNAME = dyljqq;
				TargetAttributes = {
					73E29974206DEFFC00392C6A = {
						CreatedOnToolsVersion = 9.2;
						ProvisioningStyle = Automatic;
					};
				};
			};
			buildConfigurationList = 73E29970206DEFFC00392C6A /* Build configuration list for PBXProject "ZhihuDailyReport" */;
			compatibilityVersion = "Xcode 8.0";
			developmentRegion = en;
			hasScannedForEncodings = 0;
			knownRegions = (
				en,
				Base,
			);
			mainGroup = 73E2996C206DEFFC00392C6A;
			productRefGroup = 73E29976206DEFFC00392C6A /* Products */;
			projectDirPath = "";
			projectRoot = "";
			targets = (
				73E29974206DEFFC00392C6A /* ZhihuDailyReport */,
			);
		};
/* End PBXProject section */

/* Begin PBXResourcesBuildPhase section */
		73E29973206DEFFC00392C6A /* Resources */ = {
			isa = PBXResourcesBuildPhase;
			buildActionMask = 2147483647;
			files = (
				73E29983206DEFFC00392C6A /* LaunchScreen.storyboard in Resources */,
				73E29980206DEFFC00392C6A /* Assets.xcassets in Resources */,
				73E2997E206DEFFC00392C6A /* Main.storyboard in Resources */,
				73E299B72071D68100392C6A /* StoryCell.xib in Resources */,
			);
			runOnlyForDeploymentPostprocessing = 0;
		};
/* End PBXResourcesBuildPhase section */

/* Begin PBXShellScriptBuildPhase section */
		19880A038BEABF63F8B3EB0B /* [CP] Embed Pods Frameworks */ = {
			isa = PBXShellScriptBuildPhase;
			buildActionMask = 2147483647;
			files = (
			);
			inputPaths = (
				"${SRCROOT}/Pods/Target Support Files/Pods-ZhihuDailyReport/Pods-ZhihuDailyReport-frameworks.sh",
				"${BUILT_PRODUCTS_DIR}/Alamofire/Alamofire.framework",
				"${BUILT_PRODUCTS_DIR}/AnimatedGIFImageSerialization/AnimatedGIFImageSerialization.framework",
				"${BUILT_PRODUCTS_DIR}/FSPagerView/FSPagerView.framework",
				"${BUILT_PRODUCTS_DIR}/Kingfisher/Kingfisher.framework",
				"${BUILT_PRODUCTS_DIR}/PKHUD/PKHUD.framework",
				"${BUILT_PRODUCTS_DIR}/SnapKit/SnapKit.framework",
				"${BUILT_PRODUCTS_DIR}/SwiftyJSON/SwiftyJSON.framework",
				"${BUILT_PRODUCTS_DIR}/UzysAnimatedGifPullToRefresh/UzysAnimatedGifPullToRefresh.framework",
			);
			name = "[CP] Embed Pods Frameworks";
			outputPaths = (
				"${TARGET_BUILD_DIR}/${FRAMEWORKS_FOLDER_PATH}/Alamofire.framework",
				"${TARGET_BUILD_DIR}/${FRAMEWORKS_FOLDER_PATH}/AnimatedGIFImageSerialization.framework",
				"${TARGET_BUILD_DIR}/${FRAMEWORKS_FOLDER_PATH}/FSPagerView.framework",
				"${TARGET_BUILD_DIR}/${FRAMEWORKS_FOLDER_PATH}/Kingfisher.framework",
				"${TARGET_BUILD_DIR}/${FRAMEWORKS_FOLDER_PATH}/PKHUD.framework",
				"${TARGET_BUILD_DIR}/${FRAMEWORKS_FOLDER_PATH}/SnapKit.framework",
				"${TARGET_BUILD_DIR}/${FRAMEWORKS_FOLDER_PATH}/SwiftyJSON.framework",
				"${TARGET_BUILD_DIR}/${FRAMEWORKS_FOLDER_PATH}/UzysAnimatedGifPullToRefresh.framework",
			);
			runOnlyForDeploymentPostprocessing = 0;
			shellPath = /bin/sh;
			shellScript = "\"${SRCROOT}/Pods/Target Support Files/Pods-ZhihuDailyReport/Pods-ZhihuDailyReport-frameworks.sh\"\n";
			showEnvVarsInLog = 0;
		};
		BC48005066FA3CE31B3B2A21 /* [CP] Copy Pods Resources */ = {
			isa = PBXShellScriptBuildPhase;
			buildActionMask = 2147483647;
			files = (
			);
			inputPaths = (
			);
			name = "[CP] Copy Pods Resources";
			outputPaths = (
			);
			runOnlyForDeploymentPostprocessing = 0;
			shellPath = /bin/sh;
			shellScript = "\"${SRCROOT}/Pods/Target Support Files/Pods-ZhihuDailyReport/Pods-ZhihuDailyReport-resources.sh\"\n";
			showEnvVarsInLog = 0;
		};
		F4C8CCF675B555CA3C4E33E4 /* [CP] Check Pods Manifest.lock */ = {
			isa = PBXShellScriptBuildPhase;
			buildActionMask = 2147483647;
			files = (
			);
			inputPaths = (
				"${PODS_PODFILE_DIR_PATH}/Podfile.lock",
				"${PODS_ROOT}/Manifest.lock",
			);
			name = "[CP] Check Pods Manifest.lock";
			outputPaths = (
				"$(DERIVED_FILE_DIR)/Pods-ZhihuDailyReport-checkManifestLockResult.txt",
			);
			runOnlyForDeploymentPostprocessing = 0;
			shellPath = /bin/sh;
			shellScript = "diff \"${PODS_PODFILE_DIR_PATH}/Podfile.lock\" \"${PODS_ROOT}/Manifest.lock\" > /dev/null\nif [ $? != 0 ] ; then\n    # print error to STDERR\n    echo \"error: The sandbox is not in sync with the Podfile.lock. Run 'pod install' or update your CocoaPods installation.\" >&2\n    exit 1\nfi\n# This output is used by Xcode 'outputs' to avoid re-running this script phase.\necho \"SUCCESS\" > \"${SCRIPT_OUTPUT_FILE_0}\"\n";
			showEnvVarsInLog = 0;
		};
/* End PBXShellScriptBuildPhase section */

/* Begin PBXSourcesBuildPhase section */
		73E29971206DEFFC00392C6A /* Sources */ = {
			isa = PBXSourcesBuildPhase;
			buildActionMask = 2147483647;
			files = (
				73E299A3206E28FE00392C6A /* UITableView+Ext.swift in Sources */,
				73E299A5206E29A500392C6A /* UITableViewCell+Ext.swift in Sources */,
				73E2999F206E1E5400392C6A /* Date+Ext.swift in Sources */,
				73E299C92072336000392C6A /* RefreshFooterView.swift in Sources */,
				73E2998F206E0EC500392C6A /* Router.swift in Sources */,
				73E299A1206E273100392C6A /* UIView+Ext.swift in Sources */,
				73E299B62071D68100392C6A /* StoryCell.swift in Sources */,
				73E299AE206E2D0800392C6A /* NextPageLoadable.swift in Sources */,
				73E299C720722AA600392C6A /* RefreshView.swift in Sources */,
				73E2998D206DF05000392C6A /* APIClientable.swift in Sources */,
				73E299C2207211AC00392C6A /* UIScrollView+Ext.swift in Sources */,
				73E299A7206E2A4F00392C6A /* UICollectionViewCell+Ext.swift in Sources */,
				73E29991206E14CB00392C6A /* Decodable.swift in Sources */,
				73E29979206DEFFC00392C6A /* AppDelegate.swift in Sources */,
				73E299BE2071D96900392C6A /* Color.swift in Sources */,
				73E299B0206E2FB000392C6A /* Reloadable.swift in Sources */,
				73E299AC206E2CD100392C6A /* NextPageState.swift in Sources */,
				73E299A9206E2BA500392C6A /* UICollectionView+Ext.swift in Sources */,
				73E29997206E171A00392C6A /* BaseViewController.swift in Sources */,
				73E299B22071D3F700392C6A /* MainViewController.swift in Sources */,
				73E299C02071D9DD00392C6A /* UIColor+Ext.swift in Sources */,
				73E299C5207227E500392C6A /* Refreshable.swift in Sources */,
				73E29994206E153200392C6A /* Story.swift in Sources */,
				73E29999206E17D900392C6A /* StoryList.swift in Sources */,
			);
			runOnlyForDeploymentPostprocessing = 0;
		};
/* End PBXSourcesBuildPhase section */

/* Begin PBXVariantGroup section */
		73E2997C206DEFFC00392C6A /* Main.storyboard */ = {
			isa = PBXVariantGroup;
			children = (
				73E2997D206DEFFC00392C6A /* Base */,
			);
			name = Main.storyboard;
			sourceTree = "<group>";
		};
		73E29981206DEFFC00392C6A /* LaunchScreen.storyboard */ = {
			isa = PBXVariantGroup;
			children = (
				73E29982206DEFFC00392C6A /* Base */,
			);
			name = LaunchScreen.storyboard;
			sourceTree = "<group>";
		};
/* End PBXVariantGroup section */

/* Begin XCBuildConfiguration section */
		73E29985206DEFFC00392C6A /* Debug */ = {
			isa = XCBuildConfiguration;
			buildSettings = {
				ALWAYS_SEARCH_USER_PATHS = NO;
				CLANG_ANALYZER_NONNULL = YES;
				CLANG_ANALYZER_NUMBER_OBJECT_CONVERSION = YES_AGGRESSIVE;
				CLANG_CXX_LANGUAGE_STANDARD = "gnu++14";
				CLANG_CXX_LIBRARY = "libc++";
				CLANG_ENABLE_MODULES = YES;
				CLANG_ENABLE_OBJC_ARC = YES;
				CLANG_WARN_BLOCK_CAPTURE_AUTORELEASING = YES;
				CLANG_WARN_BOOL_CONVERSION = YES;
				CLANG_WARN_COMMA = YES;
				CLANG_WARN_CONSTANT_CONVERSION = YES;
				CLANG_WARN_DIRECT_OBJC_ISA_USAGE = YES_ERROR;
				CLANG_WARN_DOCUMENTATION_COMMENTS = YES;
				CLANG_WARN_EMPTY_BODY = YES;
				CLANG_WARN_ENUM_CONVERSION = YES;
				CLANG_WARN_INFINITE_RECURSION = YES;
				CLANG_WARN_INT_CONVERSION = YES;
				CLANG_WARN_NON_LITERAL_NULL_CONVERSION = YES;
				CLANG_WARN_OBJC_LITERAL_CONVERSION = YES;
				CLANG_WARN_OBJC_ROOT_CLASS = YES_ERROR;
				CLANG_WARN_RANGE_LOOP_ANALYSIS = YES;
				CLANG_WARN_STRICT_PROTOTYPES = YES;
				CLANG_WARN_SUSPICIOUS_MOVE = YES;
				CLANG_WARN_UNGUARDED_AVAILABILITY = YES_AGGRESSIVE;
				CLANG_WARN_UNREACHABLE_CODE = YES;
				CLANG_WARN__DUPLICATE_METHOD_MATCH = YES;
				CODE_SIGN_IDENTITY = "iPhone Developer";
				COPY_PHASE_STRIP = NO;
				DEBUG_INFORMATION_FORMAT = dwarf;
				ENABLE_STRICT_OBJC_MSGSEND = YES;
				ENABLE_TESTABILITY = YES;
				GCC_C_LANGUAGE_STANDARD = gnu11;
				GCC_DYNAMIC_NO_PIC = NO;
				GCC_NO_COMMON_BLOCKS = YES;
				GCC_OPTIMIZATION_LEVEL = 0;
				GCC_PREPROCESSOR_DEFINITIONS = (
					"DEBUG=1",
					"$(inherited)",
				);
				GCC_WARN_64_TO_32_BIT_CONVERSION = YES;
				GCC_WARN_ABOUT_RETURN_TYPE = YES_ERROR;
				GCC_WARN_UNDECLARED_SELECTOR = YES;
				GCC_WARN_UNINITIALIZED_AUTOS = YES_AGGRESSIVE;
				GCC_WARN_UNUSED_FUNCTION = YES;
				GCC_WARN_UNUSED_VARIABLE = YES;
				IPHONEOS_DEPLOYMENT_TARGET = 11.2;
				MTL_ENABLE_DEBUG_INFO = YES;
				ONLY_ACTIVE_ARCH = YES;
				SDKROOT = iphoneos;
				SWIFT_ACTIVE_COMPILATION_CONDITIONS = DEBUG;
				SWIFT_OPTIMIZATION_LEVEL = "-Onone";
			};
			name = Debug;
		};
		73E29986206DEFFC00392C6A /* Release */ = {
			isa = XCBuildConfiguration;
			buildSettings = {
				ALWAYS_SEARCH_USER_PATHS = NO;
				CLANG_ANALYZER_NONNULL = YES;
				CLANG_ANALYZER_NUMBER_OBJECT_CONVERSION = YES_AGGRESSIVE;
				CLANG_CXX_LANGUAGE_STANDARD = "gnu++14";
				CLANG_CXX_LIBRARY = "libc++";
				CLANG_ENABLE_MODULES = YES;
				CLANG_ENABLE_OBJC_ARC = YES;
				CLANG_WARN_BLOCK_CAPTURE_AUTORELEASING = YES;
				CLANG_WARN_BOOL_CONVERSION = YES;
				CLANG_WARN_COMMA = YES;
				CLANG_WARN_CONSTANT_CONVERSION = YES;
				CLANG_WARN_DIRECT_OBJC_ISA_USAGE = YES_ERROR;
				CLANG_WARN_DOCUMENTATION_COMMENTS = YES;
				CLANG_WARN_EMPTY_BODY = YES;
				CLANG_WARN_ENUM_CONVERSION = YES;
				CLANG_WARN_INFINITE_RECURSION = YES;
				CLANG_WARN_INT_CONVERSION = YES;
				CLANG_WARN_NON_LITERAL_NULL_CONVERSION = YES;
				CLANG_WARN_OBJC_LITERAL_CONVERSION = YES;
				CLANG_WARN_OBJC_ROOT_CLASS = YES_ERROR;
				CLANG_WARN_RANGE_LOOP_ANALYSIS = YES;
				CLANG_WARN_STRICT_PROTOTYPES = YES;
				CLANG_WARN_SUSPICIOUS_MOVE = YES;
				CLANG_WARN_UNGUARDED_AVAILABILITY = YES_AGGRESSIVE;
				CLANG_WARN_UNREACHABLE_CODE = YES;
				CLANG_WARN__DUPLICATE_METHOD_MATCH = YES;
				CODE_SIGN_IDENTITY = "iPhone Developer";
				COPY_PHASE_STRIP = NO;
				DEBUG_INFORMATION_FORMAT = "dwarf-with-dsym";
				ENABLE_NS_ASSERTIONS = NO;
				ENABLE_STRICT_OBJC_MSGSEND = YES;
				GCC_C_LANGUAGE_STANDARD = gnu11;
				GCC_NO_COMMON_BLOCKS = YES;
				GCC_WARN_64_TO_32_BIT_CONVERSION = YES;
				GCC_WARN_ABOUT_RETURN_TYPE = YES_ERROR;
				GCC_WARN_UNDECLARED_SELECTOR = YES;
				GCC_WARN_UNINITIALIZED_AUTOS = YES_AGGRESSIVE;
				GCC_WARN_UNUSED_FUNCTION = YES;
				GCC_WARN_UNUSED_VARIABLE = YES;
				IPHONEOS_DEPLOYMENT_TARGET = 11.2;
				MTL_ENABLE_DEBUG_INFO = NO;
				SDKROOT = iphoneos;
				SWIFT_OPTIMIZATION_LEVEL = "-Owholemodule";
				VALIDATE_PRODUCT = YES;
			};
			name = Release;
		};
		73E29988206DEFFC00392C6A /* Debug */ = {
			isa = XCBuildConfiguration;
			baseConfigurationReference = 51ED64C657FB42E96019A9A8 /* Pods-ZhihuDailyReport.debug.xcconfig */;
			buildSettings = {
				ASSETCATALOG_COMPILER_APPICON_NAME = AppIcon;
				CODE_SIGN_STYLE = Automatic;
				DEVELOPMENT_TEAM = U4Y29F8CZ3;
				INFOPLIST_FILE = ZhihuDailyReport/Info.plist;
				LD_RUNPATH_SEARCH_PATHS = "$(inherited) @executable_path/Frameworks";
				PRODUCT_BUNDLE_IDENTIFIER = com.dyljqq.ZhihuDailyReport;
				PRODUCT_NAME = "$(TARGET_NAME)";
				SWIFT_VERSION = 4.0;
				TARGETED_DEVICE_FAMILY = "1,2";
			};
			name = Debug;
		};
		73E29989206DEFFC00392C6A /* Release */ = {
			isa = XCBuildConfiguration;
			baseConfigurationReference = 5EEC02AAD4AB3438FC8E1E3E /* Pods-ZhihuDailyReport.release.xcconfig */;
			buildSettings = {
				ASSETCATALOG_COMPILER_APPICON_NAME = AppIcon;
				CODE_SIGN_STYLE = Automatic;
				DEVELOPMENT_TEAM = U4Y29F8CZ3;
				INFOPLIST_FILE = ZhihuDailyReport/Info.plist;
				LD_RUNPATH_SEARCH_PATHS = "$(inherited) @executable_path/Frameworks";
				PRODUCT_BUNDLE_IDENTIFIER = com.dyljqq.ZhihuDailyReport;
				PRODUCT_NAME = "$(TARGET_NAME)";
				SWIFT_VERSION = 4.0;
				TARGETED_DEVICE_FAMILY = "1,2";
			};
			name = Release;
		};
/* End XCBuildConfiguration section */

/* Begin XCConfigurationList section */
		73E29970206DEFFC00392C6A /* Build configuration list for PBXProject "ZhihuDailyReport" */ = {
			isa = XCConfigurationList;
			buildConfigurations = (
				73E29985206DEFFC00392C6A /* Debug */,
				73E29986206DEFFC00392C6A /* Release */,
			);
			defaultConfigurationIsVisible = 0;
			defaultConfigurationName = Release;
		};
		73E29987206DEFFC00392C6A /* Build configuration list for PBXNativeTarget "ZhihuDailyReport" */ = {
			isa = XCConfigurationList;
			buildConfigurations = (
				73E29988206DEFFC00392C6A /* Debug */,
				73E29989206DEFFC00392C6A /* Release */,
			);
			defaultConfigurationIsVisible = 0;
			defaultConfigurationName = Release;
		};
/* End XCConfigurationList section */
	};
	rootObject = 73E2996D206DEFFC00392C6A /* Project object */;
}
